
Microsoft Visual Studio Solution File, Format Version 12.00
# Visual Studio Version 16
VisualStudioVersion = 16.0.30611.23
MinimumVisualStudioVersion = 10.0.40219.1
Project("{FAE04EC0-301F-11D3-BF4B-00C04F79EFBC}") = "Lab02", "Lab02\Lab02.csproj", "{4C3FF113-BCEC-4C74-8460-FE43B0E17961}"
EndProject
Global
	GlobalSection(SolutionConfigurationPlatforms) = preSolution
		Debug|Any CPU = Debug|Any CPU
		Release|Any CPU = Release|Any CPU
	EndGlobalSection
	GlobalSection(ProjectConfigurationPlatforms) = postSolution
		{4C3FF113-BCEC-4C74-8460-FE43B0E17961}.Debug|Any CPU.ActiveCfg = Debug|Any CPU
		{4C3FF113-BCEC-4C74-8460-FE43B0E17961}.Debug|Any CPU.Build.0 = Debug|Any CPU
		{4C3FF113-BCEC-4C74-8460-FE43B0E17961}.Release|Any CPU.ActiveCfg = Release|Any CPU
		{4C3FF113-BCEC-4C74-8460-FE43B0E17961}.Release|Any CPU.Build.0 = Release|Any CPU
	EndGlobalSection
	GlobalSection(SolutionProperties) = preSolution
		HideSolutionNode = FALSE
	EndGlobalSection
	GlobalSection(ExtensibilityGlobals) = postSolution
		SolutionGuid = {DB074906-7FDE-4ACC-9A1D-D0C89E2E87B3}
	EndGlobalSection
EndGlobal
