
Microsoft Visual Studio Solution File, Format Version 12.00
# Visual Studio Version 16
VisualStudioVersion = 16.0.30611.23
MinimumVisualStudioVersion = 10.0.40219.1
Project("{FAE04EC0-301F-11D3-BF4B-00C04F79EFBC}") = "Lab1.UWP", "Lab1\Lab1.UWP\Lab1.UWP.csproj", "{69F78D4F-356D-4884-94D9-259E2D730AF8}"
EndProject
Project("{FAE04EC0-301F-11D3-BF4B-00C04F79EFBC}") = "Lab1.Android", "Lab1\Lab1.Android\Lab1.Android.csproj", "{D5A1F75A-D189-49E6-9EB7-E86FE50E4EB1}"
EndProject
Project("{9A19103F-16F7-4668-BE54-9A1E7A4F7556}") = "Lab1", "Lab1\Lab1\Lab1.csproj", "{7E910761-8AEB-43A3-AC80-51780F6E8F7E}"
EndProject
Project("{FAE04EC0-301F-11D3-BF4B-00C04F79EFBC}") = "Lab1.DTO", "Lab1\Lab1.DTO\Lab1.DTO.csproj", "{B3418E39-1945-42F5-95DB-0954F7CFF011}"
EndProject
Project("{9A19103F-16F7-4668-BE54-9A1E7A4F7556}") = "Lab1.Web", "Lab1\Lab1.Web\Lab1.Web.csproj", "{D600E639-455E-4195-B2E1-0233162F041F}"
EndProject
Global
	GlobalSection(SolutionConfigurationPlatforms) = preSolution
		Debug|Any CPU = Debug|Any CPU
		Debug|ARM = Debug|ARM
		Debug|x64 = Debug|x64
		Debug|x86 = Debug|x86
		Release|Any CPU = Release|Any CPU
		Release|ARM = Release|ARM
		Release|x64 = Release|x64
		Release|x86 = Release|x86
	EndGlobalSection
	GlobalSection(ProjectConfigurationPlatforms) = postSolution
		{69F78D4F-356D-4884-94D9-259E2D730AF8}.Debug|Any CPU.ActiveCfg = Debug|x86
		{69F78D4F-356D-4884-94D9-259E2D730AF8}.Debug|Any CPU.Build.0 = Debug|x86
		{69F78D4F-356D-4884-94D9-259E2D730AF8}.Debug|Any CPU.Deploy.0 = Debug|x86
		{69F78D4F-356D-4884-94D9-259E2D730AF8}.Debug|ARM.ActiveCfg = Debug|ARM
		{69F78D4F-356D-4884-94D9-259E2D730AF8}.Debug|ARM.Build.0 = Debug|ARM
		{69F78D4F-356D-4884-94D9-259E2D730AF8}.Debug|ARM.Deploy.0 = Debug|ARM
		{69F78D4F-356D-4884-94D9-259E2D730AF8}.Debug|x64.ActiveCfg = Debug|x64
		{69F78D4F-356D-4884-94D9-259E2D730AF8}.Debug|x64.Build.0 = Debug|x64
		{69F78D4F-356D-4884-94D9-259E2D730AF8}.Debug|x64.Deploy.0 = Debug|x64
		{69F78D4F-356D-4884-94D9-259E2D730AF8}.Debug|x86.ActiveCfg = Debug|x86
		{69F78D4F-356D-4884-94D9-259E2D730AF8}.Debug|x86.Build.0 = Debug|x86
		{69F78D4F-356D-4884-94D9-259E2D730AF8}.Debug|x86.Deploy.0 = Debug|x86
		{69F78D4F-356D-4884-94D9-259E2D730AF8}.Release|Any CPU.ActiveCfg = Release|x86
		{69F78D4F-356D-4884-94D9-259E2D730AF8}.Release|Any CPU.Build.0 = Release|x86
		{69F78D4F-356D-4884-94D9-259E2D730AF8}.Release|Any CPU.Deploy.0 = Release|x86
		{69F78D4F-356D-4884-94D9-259E2D730AF8}.Release|ARM.ActiveCfg = Release|ARM
		{69F78D4F-356D-4884-94D9-259E2D730AF8}.Release|ARM.Build.0 = Release|ARM
		{69F78D4F-356D-4884-94D9-259E2D730AF8}.Release|ARM.Deploy.0 = Release|ARM
		{69F78D4F-356D-4884-94D9-259E2D730AF8}.Release|x64.ActiveCfg = Release|x64
		{69F78D4F-356D-4884-94D9-259E2D730AF8}.Release|x64.Build.0 = Release|x64
		{69F78D4F-356D-4884-94D9-259E2D730AF8}.Release|x64.Deploy.0 = Release|x64
		{69F78D4F-356D-4884-94D9-259E2D730AF8}.Release|x86.ActiveCfg = Release|x86
		{69F78D4F-356D-4884-94D9-259E2D730AF8}.Release|x86.Build.0 = Release|x86
		{69F78D4F-356D-4884-94D9-259E2D730AF8}.Release|x86.Deploy.0 = Release|x86
		{D5A1F75A-D189-49E6-9EB7-E86FE50E4EB1}.Debug|Any CPU.ActiveCfg = Debug|Any CPU
		{D5A1F75A-D189-49E6-9EB7-E86FE50E4EB1}.Debug|Any CPU.Build.0 = Debug|Any CPU
		{D5A1F75A-D189-49E6-9EB7-E86FE50E4EB1}.Debug|Any CPU.Deploy.0 = Debug|Any CPU
		{D5A1F75A-D189-49E6-9EB7-E86FE50E4EB1}.Debug|ARM.ActiveCfg = Debug|Any CPU
		{D5A1F75A-D189-49E6-9EB7-E86FE50E4EB1}.Debug|ARM.Build.0 = Debug|Any CPU
		{D5A1F75A-D189-49E6-9EB7-E86FE50E4EB1}.Debug|ARM.Deploy.0 = Debug|Any CPU
		{D5A1F75A-D189-49E6-9EB7-E86FE50E4EB1}.Debug|x64.ActiveCfg = Debug|Any CPU
		{D5A1F75A-D189-49E6-9EB7-E86FE50E4EB1}.Debug|x64.Build.0 = Debug|Any CPU
		{D5A1F75A-D189-49E6-9EB7-E86FE50E4EB1}.Debug|x64.Deploy.0 = Debug|Any CPU
		{D5A1F75A-D189-49E6-9EB7-E86FE50E4EB1}.Debug|x86.ActiveCfg = Debug|Any CPU
		{D5A1F75A-D189-49E6-9EB7-E86FE50E4EB1}.Debug|x86.Build.0 = Debug|Any CPU
		{D5A1F75A-D189-49E6-9EB7-E86FE50E4EB1}.Debug|x86.Deploy.0 = Debug|Any CPU
		{D5A1F75A-D189-49E6-9EB7-E86FE50E4EB1}.Release|Any CPU.ActiveCfg = Release|Any CPU
		{D5A1F75A-D189-49E6-9EB7-E86FE50E4EB1}.Release|Any CPU.Build.0 = Release|Any CPU
		{D5A1F75A-D189-49E6-9EB7-E86FE50E4EB1}.Release|Any CPU.Deploy.0 = Release|Any CPU
		{D5A1F75A-D189-49E6-9EB7-E86FE50E4EB1}.Release|ARM.ActiveCfg = Release|Any CPU
		{D5A1F75A-D189-49E6-9EB7-E86FE50E4EB1}.Release|ARM.Build.0 = Release|Any CPU
		{D5A1F75A-D189-49E6-9EB7-E86FE50E4EB1}.Release|ARM.Deploy.0 = Release|Any CPU
		{D5A1F75A-D189-49E6-9EB7-E86FE50E4EB1}.Release|x64.ActiveCfg = Release|Any CPU
		{D5A1F75A-D189-49E6-9EB7-E86FE50E4EB1}.Release|x64.Build.0 = Release|Any CPU
		{D5A1F75A-D189-49E6-9EB7-E86FE50E4EB1}.Release|x64.Deploy.0 = Release|Any CPU
		{D5A1F75A-D189-49E6-9EB7-E86FE50E4EB1}.Release|x86.ActiveCfg = Release|Any CPU
		{D5A1F75A-D189-49E6-9EB7-E86FE50E4EB1}.Release|x86.Build.0 = Release|Any CPU
		{D5A1F75A-D189-49E6-9EB7-E86FE50E4EB1}.Release|x86.Deploy.0 = Release|Any CPU
		{7E910761-8AEB-43A3-AC80-51780F6E8F7E}.Debug|Any CPU.ActiveCfg = Debug|Any CPU
		{7E910761-8AEB-43A3-AC80-51780F6E8F7E}.Debug|Any CPU.Build.0 = Debug|Any CPU
		{7E910761-8AEB-43A3-AC80-51780F6E8F7E}.Debug|Any CPU.Deploy.0 = Debug|Any CPU
		{7E910761-8AEB-43A3-AC80-51780F6E8F7E}.Debug|ARM.ActiveCfg = Debug|Any CPU
		{7E910761-8AEB-43A3-AC80-51780F6E8F7E}.Debug|ARM.Build.0 = Debug|Any CPU
		{7E910761-8AEB-43A3-AC80-51780F6E8F7E}.Debug|ARM.Deploy.0 = Debug|Any CPU
		{7E910761-8AEB-43A3-AC80-51780F6E8F7E}.Debug|x64.ActiveCfg = Debug|Any CPU
		{7E910761-8AEB-43A3-AC80-51780F6E8F7E}.Debug|x64.Build.0 = Debug|Any CPU
		{7E910761-8AEB-43A3-AC80-51780F6E8F7E}.Debug|x64.Deploy.0 = Debug|Any CPU
		{7E910761-8AEB-43A3-AC80-51780F6E8F7E}.Debug|x86.ActiveCfg = Debug|Any CPU
		{7E910761-8AEB-43A3-AC80-51780F6E8F7E}.Debug|x86.Build.0 = Debug|Any CPU
		{7E910761-8AEB-43A3-AC80-51780F6E8F7E}.Debug|x86.Deploy.0 = Debug|Any CPU
		{7E910761-8AEB-43A3-AC80-51780F6E8F7E}.Release|Any CPU.ActiveCfg = Release|Any CPU
		{7E910761-8AEB-43A3-AC80-51780F6E8F7E}.Release|Any CPU.Build.0 = Release|Any CPU
		{7E910761-8AEB-43A3-AC80-51780F6E8F7E}.Release|Any CPU.Deploy.0 = Release|Any CPU
		{7E910761-8AEB-43A3-AC80-51780F6E8F7E}.Release|ARM.ActiveCfg = Release|Any CPU
		{7E910761-8AEB-43A3-AC80-51780F6E8F7E}.Release|ARM.Build.0 = Release|Any CPU
		{7E910761-8AEB-43A3-AC80-51780F6E8F7E}.Release|ARM.Deploy.0 = Release|Any CPU
		{7E910761-8AEB-43A3-AC80-51780F6E8F7E}.Release|x64.ActiveCfg = Release|Any CPU
		{7E910761-8AEB-43A3-AC80-51780F6E8F7E}.Release|x64.Build.0 = Release|Any CPU
		{7E910761-8AEB-43A3-AC80-51780F6E8F7E}.Release|x64.Deploy.0 = Release|Any CPU
		{7E910761-8AEB-43A3-AC80-51780F6E8F7E}.Release|x86.ActiveCfg = Release|Any CPU
		{7E910761-8AEB-43A3-AC80-51780F6E8F7E}.Release|x86.Build.0 = Release|Any CPU
		{7E910761-8AEB-43A3-AC80-51780F6E8F7E}.Release|x86.Deploy.0 = Release|Any CPU
		{B3418E39-1945-42F5-95DB-0954F7CFF011}.Debug|Any CPU.ActiveCfg = Debug|Any CPU
		{B3418E39-1945-42F5-95DB-0954F7CFF011}.Debug|Any CPU.Build.0 = Debug|Any CPU
		{B3418E39-1945-42F5-95DB-0954F7CFF011}.Debug|ARM.ActiveCfg = Debug|Any CPU
		{B3418E39-1945-42F5-95DB-0954F7CFF011}.Debug|ARM.Build.0 = Debug|Any CPU
		{B3418E39-1945-42F5-95DB-0954F7CFF011}.Debug|x64.ActiveCfg = Debug|Any CPU
		{B3418E39-1945-42F5-95DB-0954F7CFF011}.Debug|x64.Build.0 = Debug|Any CPU
		{B3418E39-1945-42F5-95DB-0954F7CFF011}.Debug|x86.ActiveCfg = Debug|Any CPU
		{B3418E39-1945-42F5-95DB-0954F7CFF011}.Debug|x86.Build.0 = Debug|Any CPU
		{B3418E39-1945-42F5-95DB-0954F7CFF011}.Release|Any CPU.ActiveCfg = Release|Any CPU
		{B3418E39-1945-42F5-95DB-0954F7CFF011}.Release|Any CPU.Build.0 = Release|Any CPU
		{B3418E39-1945-42F5-95DB-0954F7CFF011}.Release|ARM.ActiveCfg = Release|Any CPU
		{B3418E39-1945-42F5-95DB-0954F7CFF011}.Release|ARM.Build.0 = Release|Any CPU
		{B3418E39-1945-42F5-95DB-0954F7CFF011}.Release|x64.ActiveCfg = Release|Any CPU
		{B3418E39-1945-42F5-95DB-0954F7CFF011}.Release|x64.Build.0 = Release|Any CPU
		{B3418E39-1945-42F5-95DB-0954F7CFF011}.Release|x86.ActiveCfg = Release|Any CPU
		{B3418E39-1945-42F5-95DB-0954F7CFF011}.Release|x86.Build.0 = Release|Any CPU
		{D600E639-455E-4195-B2E1-0233162F041F}.Debug|Any CPU.ActiveCfg = Debug|Any CPU
		{D600E639-455E-4195-B2E1-0233162F041F}.Debug|Any CPU.Build.0 = Debug|Any CPU
		{D600E639-455E-4195-B2E1-0233162F041F}.Debug|ARM.ActiveCfg = Debug|Any CPU
		{D600E639-455E-4195-B2E1-0233162F041F}.Debug|ARM.Build.0 = Debug|Any CPU
		{D600E639-455E-4195-B2E1-0233162F041F}.Debug|x64.ActiveCfg = Debug|Any CPU
		{D600E639-455E-4195-B2E1-0233162F041F}.Debug|x64.Build.0 = Debug|Any CPU
		{D600E639-455E-4195-B2E1-0233162F041F}.Debug|x86.ActiveCfg = Debug|Any CPU
		{D600E639-455E-4195-B2E1-0233162F041F}.Debug|x86.Build.0 = Debug|Any CPU
		{D600E639-455E-4195-B2E1-0233162F041F}.Release|Any CPU.ActiveCfg = Release|Any CPU
		{D600E639-455E-4195-B2E1-0233162F041F}.Release|Any CPU.Build.0 = Release|Any CPU
		{D600E639-455E-4195-B2E1-0233162F041F}.Release|ARM.ActiveCfg = Release|Any CPU
		{D600E639-455E-4195-B2E1-0233162F041F}.Release|ARM.Build.0 = Release|Any CPU
		{D600E639-455E-4195-B2E1-0233162F041F}.Release|x64.ActiveCfg = Release|Any CPU
		{D600E639-455E-4195-B2E1-0233162F041F}.Release|x64.Build.0 = Release|Any CPU
		{D600E639-455E-4195-B2E1-0233162F041F}.Release|x86.ActiveCfg = Release|Any CPU
		{D600E639-455E-4195-B2E1-0233162F041F}.Release|x86.Build.0 = Release|Any CPU
	EndGlobalSection
	GlobalSection(SolutionProperties) = preSolution
		HideSolutionNode = FALSE
	EndGlobalSection
	GlobalSection(ExtensibilityGlobals) = postSolution
		SolutionGuid = {BE79C5DB-1A01-4C67-BD7C-9236DE744B24}
	EndGlobalSection
EndGlobal
